{
    "packages": [
        {
            "name": "aura/cli",
            "version": "2.2.0",
            "source": {
                "url": "https://github.com/auraphp/Aura.Cli.git",
                "type": "git",
                "reference": "d69cfa6d81e94e13d831e38ad9e3d53aa0f08a8b"
            },
            "dist": {
                "url": "https://api.github.com/repos/auraphp/Aura.Cli/zipball/d69cfa6d81e94e13d831e38ad9e3d53aa0f08a8b",
                "type": "zip",
                "shasum": "",
                "reference": "d69cfa6d81e94e13d831e38ad9e3d53aa0f08a8b"
            },
            "license": [
                "BSD-2-Clause"
            ]
        },
        {
            "name": "psr/log",
            "version": "3.0.2",
            "source": {
                "url": "https://github.com/php-fig/log.git",
                "type": "git",
                "reference": "f16e1d5863e37f8d8c2a01719f5b34baa2b714d3"
            },
            "dist": {
                "url": "https://api.github.com/repos/php-fig/log/zipball/f16e1d5863e37f8d8c2a01719f5b34baa2b714d3",
                "type": "zip",
                "shasum": "",
                "reference": "f16e1d5863e37f8d8c2a01719f5b34baa2b714d3"
            },
            "license": [
                "MIT"
            ]
        }
    ],
    "packages-dev": [],
    "content-hash": "11446e25354a12ec9f85f7a3160ae6c4"
}